
Microsoft Visual Studio Solution File, Format Version 12.00
# Visual Studio Version 17
VisualStudioVersion = 17.4.33110.190
MinimumVisualStudioVersion = 10.0.40219.1
Project("{FAE04EC0-301F-11D3-BF4B-00C04F79EFBC}") = "Balance", "Balance\Balance.csproj", "{1620B9CE-CA5F-454F-A8FA-9799A546ECB9}"
EndProject
Global
	GlobalSection(SolutionConfigurationPlatforms) = preSolution
		Debug|Any CPU = Debug|Any CPU
		Release|Any CPU = Release|Any CPU
	EndGlobalSection
	GlobalSection(ProjectConfigurationPlatforms) = postSolution
		{1620B9CE-CA5F-454F-A8FA-9799A546ECB9}.Debug|Any CPU.ActiveCfg = Debug|Any CPU
		{1620B9CE-CA5F-454F-A8FA-9799A546ECB9}.Debug|Any CPU.Build.0 = Debug|Any CPU
		{1620B9CE-CA5F-454F-A8FA-9799A546ECB9}.Release|Any CPU.ActiveCfg = Release|Any CPU
		{1620B9CE-CA5F-454F-A8FA-9799A546ECB9}.Release|Any CPU.Build.0 = Release|Any CPU
	EndGlobalSection
	GlobalSection(SolutionProperties) = preSolution
		HideSolutionNode = FALSE
	EndGlobalSection
	GlobalSection(ExtensibilityGlobals) = postSolution
		SolutionGuid = {8AE74AF4-DF98-4C23-83C6-9DA48858210F}
	EndGlobalSection
EndGlobal
